
Microsoft Visual Studio Solution File, Format Version 12.00
# Visual Studio 2012
Project("{F184B08F-C81C-45F6-A57F-5ABD9991F28F}") = "ConsoleTester", "ConsoleTester\ConsoleTester.vbproj", "{EC880388-A703-45B1-9FCB-2EAD07DBCE48}"
EndProject
Project("{F184B08F-C81C-45F6-A57F-5ABD9991F28F}") = "WinSwimCTS", "WinswimCTS\WinSwimCTS.vbproj", "{8FDBC05B-5D2D-4A23-B3F4-2F16FECE8E28}"
EndProject
Project("{FAE04EC0-301F-11D3-BF4B-00C04F79EFBC}") = "DataGridViewPrinter", "DataGridViewPrinter\DataGridViewPrinter.csproj", "{919F3755-5C1D-4062-8516-BDC774A8BADC}"
EndProject
Project("{6141683F-8A12-4E36-9623-2EB02B2C2303}") = "ConsoleTesterSetup", "ConsoleTesterSetup\ConsoleTesterSetup.isproj", "{E3142AED-72B2-479D-B1CE-640F6DEDBC8D}"
	ProjectSection(ProjectDependencies) = postProject
		{919F3755-5C1D-4062-8516-BDC774A8BADC} = {919F3755-5C1D-4062-8516-BDC774A8BADC}
		{8FDBC05B-5D2D-4A23-B3F4-2F16FECE8E28} = {8FDBC05B-5D2D-4A23-B3F4-2F16FECE8E28}
		{EC880388-A703-45B1-9FCB-2EAD07DBCE48} = {EC880388-A703-45B1-9FCB-2EAD07DBCE48}
	EndProjectSection
EndProject
Global
	GlobalSection(SolutionConfigurationPlatforms) = preSolution
		CD_ROM|Any CPU = CD_ROM|Any CPU
		Debug|Any CPU = Debug|Any CPU
		DVD-5|Any CPU = DVD-5|Any CPU
		Release|Any CPU = Release|Any CPU
		SingleImage|Any CPU = SingleImage|Any CPU
	EndGlobalSection
	GlobalSection(ProjectConfigurationPlatforms) = postSolution
		{EC880388-A703-45B1-9FCB-2EAD07DBCE48}.CD_ROM|Any CPU.ActiveCfg = Release|Any CPU
		{EC880388-A703-45B1-9FCB-2EAD07DBCE48}.CD_ROM|Any CPU.Build.0 = Release|Any CPU
		{EC880388-A703-45B1-9FCB-2EAD07DBCE48}.Debug|Any CPU.ActiveCfg = Debug|Any CPU
		{EC880388-A703-45B1-9FCB-2EAD07DBCE48}.Debug|Any CPU.Build.0 = Debug|Any CPU
		{EC880388-A703-45B1-9FCB-2EAD07DBCE48}.DVD-5|Any CPU.ActiveCfg = Debug|Any CPU
		{EC880388-A703-45B1-9FCB-2EAD07DBCE48}.DVD-5|Any CPU.Build.0 = Debug|Any CPU
		{EC880388-A703-45B1-9FCB-2EAD07DBCE48}.Release|Any CPU.ActiveCfg = Release|Any CPU
		{EC880388-A703-45B1-9FCB-2EAD07DBCE48}.Release|Any CPU.Build.0 = Release|Any CPU
		{EC880388-A703-45B1-9FCB-2EAD07DBCE48}.SingleImage|Any CPU.ActiveCfg = Release|Any CPU
		{EC880388-A703-45B1-9FCB-2EAD07DBCE48}.SingleImage|Any CPU.Build.0 = Release|Any CPU
		{8FDBC05B-5D2D-4A23-B3F4-2F16FECE8E28}.CD_ROM|Any CPU.ActiveCfg = Release|Any CPU
		{8FDBC05B-5D2D-4A23-B3F4-2F16FECE8E28}.CD_ROM|Any CPU.Build.0 = Release|Any CPU
		{8FDBC05B-5D2D-4A23-B3F4-2F16FECE8E28}.Debug|Any CPU.ActiveCfg = Debug|Any CPU
		{8FDBC05B-5D2D-4A23-B3F4-2F16FECE8E28}.Debug|Any CPU.Build.0 = Debug|Any CPU
		{8FDBC05B-5D2D-4A23-B3F4-2F16FECE8E28}.DVD-5|Any CPU.ActiveCfg = Debug|Any CPU
		{8FDBC05B-5D2D-4A23-B3F4-2F16FECE8E28}.DVD-5|Any CPU.Build.0 = Debug|Any CPU
		{8FDBC05B-5D2D-4A23-B3F4-2F16FECE8E28}.Release|Any CPU.ActiveCfg = Release|Any CPU
		{8FDBC05B-5D2D-4A23-B3F4-2F16FECE8E28}.Release|Any CPU.Build.0 = Release|Any CPU
		{8FDBC05B-5D2D-4A23-B3F4-2F16FECE8E28}.SingleImage|Any CPU.ActiveCfg = Release|Any CPU
		{8FDBC05B-5D2D-4A23-B3F4-2F16FECE8E28}.SingleImage|Any CPU.Build.0 = Release|Any CPU
		{919F3755-5C1D-4062-8516-BDC774A8BADC}.CD_ROM|Any CPU.ActiveCfg = Release|Any CPU
		{919F3755-5C1D-4062-8516-BDC774A8BADC}.CD_ROM|Any CPU.Build.0 = Release|Any CPU
		{919F3755-5C1D-4062-8516-BDC774A8BADC}.Debug|Any CPU.ActiveCfg = Debug|Any CPU
		{919F3755-5C1D-4062-8516-BDC774A8BADC}.Debug|Any CPU.Build.0 = Debug|Any CPU
		{919F3755-5C1D-4062-8516-BDC774A8BADC}.DVD-5|Any CPU.ActiveCfg = Debug|Any CPU
		{919F3755-5C1D-4062-8516-BDC774A8BADC}.DVD-5|Any CPU.Build.0 = Debug|Any CPU
		{919F3755-5C1D-4062-8516-BDC774A8BADC}.Release|Any CPU.ActiveCfg = Release|Any CPU
		{919F3755-5C1D-4062-8516-BDC774A8BADC}.Release|Any CPU.Build.0 = Release|Any CPU
		{919F3755-5C1D-4062-8516-BDC774A8BADC}.SingleImage|Any CPU.ActiveCfg = Release|Any CPU
		{919F3755-5C1D-4062-8516-BDC774A8BADC}.SingleImage|Any CPU.Build.0 = Release|Any CPU
		{E3142AED-72B2-479D-B1CE-640F6DEDBC8D}.CD_ROM|Any CPU.ActiveCfg = CD_ROM
		{E3142AED-72B2-479D-B1CE-640F6DEDBC8D}.CD_ROM|Any CPU.Build.0 = CD_ROM
		{E3142AED-72B2-479D-B1CE-640F6DEDBC8D}.Debug|Any CPU.ActiveCfg = SingleImage
		{E3142AED-72B2-479D-B1CE-640F6DEDBC8D}.Debug|Any CPU.Build.0 = SingleImage
		{E3142AED-72B2-479D-B1CE-640F6DEDBC8D}.DVD-5|Any CPU.ActiveCfg = DVD-5
		{E3142AED-72B2-479D-B1CE-640F6DEDBC8D}.DVD-5|Any CPU.Build.0 = DVD-5
		{E3142AED-72B2-479D-B1CE-640F6DEDBC8D}.Release|Any CPU.ActiveCfg = SingleImage
		{E3142AED-72B2-479D-B1CE-640F6DEDBC8D}.Release|Any CPU.Build.0 = SingleImage
		{E3142AED-72B2-479D-B1CE-640F6DEDBC8D}.SingleImage|Any CPU.ActiveCfg = SingleImage
		{E3142AED-72B2-479D-B1CE-640F6DEDBC8D}.SingleImage|Any CPU.Build.0 = SingleImage
	EndGlobalSection
	GlobalSection(SolutionProperties) = preSolution
		HideSolutionNode = FALSE
	EndGlobalSection
EndGlobal
