
Microsoft Visual Studio Solution File, Format Version 12.00
# Visual Studio Version 16
VisualStudioVersion = 16.0.30717.126
MinimumVisualStudioVersion = 10.0.40219.1
Project("{F184B08F-C81C-45F6-A57F-5ABD9991F28F}") = "ConsoleTester", "ConsoleTester\ConsoleTester.vbproj", "{EC880388-A703-45B1-9FCB-2EAD07DBCE48}"
EndProject
Project("{F184B08F-C81C-45F6-A57F-5ABD9991F28F}") = "WinSwimCTS", "WinswimCTS\WinSwimCTS.vbproj", "{8FDBC05B-5D2D-4A23-B3F4-2F16FECE8E28}"
EndProject
Project("{FAE04EC0-301F-11D3-BF4B-00C04F79EFBC}") = "DataGridViewPrinter", "DataGridViewPrinter\DataGridViewPrinter.csproj", "{919F3755-5C1D-4062-8516-BDC774A8BADC}"
EndProject
Global
	GlobalSection(SolutionConfigurationPlatforms) = preSolution
		CD_ROM|Any CPU = CD_ROM|Any CPU
		CD_ROM|x64 = CD_ROM|x64
		Debug|Any CPU = Debug|Any CPU
		Debug|x64 = Debug|x64
		DVD-5|Any CPU = DVD-5|Any CPU
		DVD-5|x64 = DVD-5|x64
		Release|Any CPU = Release|Any CPU
		Release|x64 = Release|x64
		SingleImage|Any CPU = SingleImage|Any CPU
		SingleImage|x64 = SingleImage|x64
	EndGlobalSection
	GlobalSection(ProjectConfigurationPlatforms) = postSolution
		{EC880388-A703-45B1-9FCB-2EAD07DBCE48}.CD_ROM|Any CPU.ActiveCfg = Release|Any CPU
		{EC880388-A703-45B1-9FCB-2EAD07DBCE48}.CD_ROM|Any CPU.Build.0 = Release|Any CPU
		{EC880388-A703-45B1-9FCB-2EAD07DBCE48}.CD_ROM|x64.ActiveCfg = Debug|x64
		{EC880388-A703-45B1-9FCB-2EAD07DBCE48}.CD_ROM|x64.Build.0 = Debug|x64
		{EC880388-A703-45B1-9FCB-2EAD07DBCE48}.Debug|Any CPU.ActiveCfg = Debug|Any CPU
		{EC880388-A703-45B1-9FCB-2EAD07DBCE48}.Debug|Any CPU.Build.0 = Debug|Any CPU
		{EC880388-A703-45B1-9FCB-2EAD07DBCE48}.Debug|x64.ActiveCfg = Debug|x64
		{EC880388-A703-45B1-9FCB-2EAD07DBCE48}.Debug|x64.Build.0 = Debug|x64
		{EC880388-A703-45B1-9FCB-2EAD07DBCE48}.DVD-5|Any CPU.ActiveCfg = Debug|Any CPU
		{EC880388-A703-45B1-9FCB-2EAD07DBCE48}.DVD-5|Any CPU.Build.0 = Debug|Any CPU
		{EC880388-A703-45B1-9FCB-2EAD07DBCE48}.DVD-5|x64.ActiveCfg = Debug|x64
		{EC880388-A703-45B1-9FCB-2EAD07DBCE48}.DVD-5|x64.Build.0 = Debug|x64
		{EC880388-A703-45B1-9FCB-2EAD07DBCE48}.Release|Any CPU.ActiveCfg = Release|Any CPU
		{EC880388-A703-45B1-9FCB-2EAD07DBCE48}.Release|Any CPU.Build.0 = Release|Any CPU
		{EC880388-A703-45B1-9FCB-2EAD07DBCE48}.Release|x64.ActiveCfg = Release|x64
		{EC880388-A703-45B1-9FCB-2EAD07DBCE48}.Release|x64.Build.0 = Release|x64
		{EC880388-A703-45B1-9FCB-2EAD07DBCE48}.SingleImage|Any CPU.ActiveCfg = Release|Any CPU
		{EC880388-A703-45B1-9FCB-2EAD07DBCE48}.SingleImage|Any CPU.Build.0 = Release|Any CPU
		{EC880388-A703-45B1-9FCB-2EAD07DBCE48}.SingleImage|x64.ActiveCfg = Debug|x64
		{EC880388-A703-45B1-9FCB-2EAD07DBCE48}.SingleImage|x64.Build.0 = Debug|x64
		{8FDBC05B-5D2D-4A23-B3F4-2F16FECE8E28}.CD_ROM|Any CPU.ActiveCfg = Release|Any CPU
		{8FDBC05B-5D2D-4A23-B3F4-2F16FECE8E28}.CD_ROM|Any CPU.Build.0 = Release|Any CPU
		{8FDBC05B-5D2D-4A23-B3F4-2F16FECE8E28}.CD_ROM|x64.ActiveCfg = Debug|Any CPU
		{8FDBC05B-5D2D-4A23-B3F4-2F16FECE8E28}.CD_ROM|x64.Build.0 = Debug|Any CPU
		{8FDBC05B-5D2D-4A23-B3F4-2F16FECE8E28}.Debug|Any CPU.ActiveCfg = Debug|Any CPU
		{8FDBC05B-5D2D-4A23-B3F4-2F16FECE8E28}.Debug|Any CPU.Build.0 = Debug|Any CPU
		{8FDBC05B-5D2D-4A23-B3F4-2F16FECE8E28}.Debug|x64.ActiveCfg = Debug|Any CPU
		{8FDBC05B-5D2D-4A23-B3F4-2F16FECE8E28}.Debug|x64.Build.0 = Debug|Any CPU
		{8FDBC05B-5D2D-4A23-B3F4-2F16FECE8E28}.DVD-5|Any CPU.ActiveCfg = Debug|Any CPU
		{8FDBC05B-5D2D-4A23-B3F4-2F16FECE8E28}.DVD-5|Any CPU.Build.0 = Debug|Any CPU
		{8FDBC05B-5D2D-4A23-B3F4-2F16FECE8E28}.DVD-5|x64.ActiveCfg = Debug|Any CPU
		{8FDBC05B-5D2D-4A23-B3F4-2F16FECE8E28}.DVD-5|x64.Build.0 = Debug|Any CPU
		{8FDBC05B-5D2D-4A23-B3F4-2F16FECE8E28}.Release|Any CPU.ActiveCfg = Release|Any CPU
		{8FDBC05B-5D2D-4A23-B3F4-2F16FECE8E28}.Release|Any CPU.Build.0 = Release|Any CPU
		{8FDBC05B-5D2D-4A23-B3F4-2F16FECE8E28}.Release|x64.ActiveCfg = Release|Any CPU
		{8FDBC05B-5D2D-4A23-B3F4-2F16FECE8E28}.Release|x64.Build.0 = Release|Any CPU
		{8FDBC05B-5D2D-4A23-B3F4-2F16FECE8E28}.SingleImage|Any CPU.ActiveCfg = Release|Any CPU
		{8FDBC05B-5D2D-4A23-B3F4-2F16FECE8E28}.SingleImage|Any CPU.Build.0 = Release|Any CPU
		{8FDBC05B-5D2D-4A23-B3F4-2F16FECE8E28}.SingleImage|x64.ActiveCfg = Debug|Any CPU
		{8FDBC05B-5D2D-4A23-B3F4-2F16FECE8E28}.SingleImage|x64.Build.0 = Debug|Any CPU
		{919F3755-5C1D-4062-8516-BDC774A8BADC}.CD_ROM|Any CPU.ActiveCfg = Release|Any CPU
		{919F3755-5C1D-4062-8516-BDC774A8BADC}.CD_ROM|Any CPU.Build.0 = Release|Any CPU
		{919F3755-5C1D-4062-8516-BDC774A8BADC}.CD_ROM|x64.ActiveCfg = Debug|Any CPU
		{919F3755-5C1D-4062-8516-BDC774A8BADC}.CD_ROM|x64.Build.0 = Debug|Any CPU
		{919F3755-5C1D-4062-8516-BDC774A8BADC}.Debug|Any CPU.ActiveCfg = Debug|Any CPU
		{919F3755-5C1D-4062-8516-BDC774A8BADC}.Debug|Any CPU.Build.0 = Debug|Any CPU
		{919F3755-5C1D-4062-8516-BDC774A8BADC}.Debug|x64.ActiveCfg = Debug|Any CPU
		{919F3755-5C1D-4062-8516-BDC774A8BADC}.Debug|x64.Build.0 = Debug|Any CPU
		{919F3755-5C1D-4062-8516-BDC774A8BADC}.DVD-5|Any CPU.ActiveCfg = Debug|Any CPU
		{919F3755-5C1D-4062-8516-BDC774A8BADC}.DVD-5|Any CPU.Build.0 = Debug|Any CPU
		{919F3755-5C1D-4062-8516-BDC774A8BADC}.DVD-5|x64.ActiveCfg = Debug|Any CPU
		{919F3755-5C1D-4062-8516-BDC774A8BADC}.DVD-5|x64.Build.0 = Debug|Any CPU
		{919F3755-5C1D-4062-8516-BDC774A8BADC}.Release|Any CPU.ActiveCfg = Release|Any CPU
		{919F3755-5C1D-4062-8516-BDC774A8BADC}.Release|Any CPU.Build.0 = Release|Any CPU
		{919F3755-5C1D-4062-8516-BDC774A8BADC}.Release|x64.ActiveCfg = Release|Any CPU
		{919F3755-5C1D-4062-8516-BDC774A8BADC}.Release|x64.Build.0 = Release|Any CPU
		{919F3755-5C1D-4062-8516-BDC774A8BADC}.SingleImage|Any CPU.ActiveCfg = Release|Any CPU
		{919F3755-5C1D-4062-8516-BDC774A8BADC}.SingleImage|Any CPU.Build.0 = Release|Any CPU
		{919F3755-5C1D-4062-8516-BDC774A8BADC}.SingleImage|x64.ActiveCfg = Debug|Any CPU
		{919F3755-5C1D-4062-8516-BDC774A8BADC}.SingleImage|x64.Build.0 = Debug|Any CPU
	EndGlobalSection
	GlobalSection(SolutionProperties) = preSolution
		HideSolutionNode = FALSE
	EndGlobalSection
	GlobalSection(ExtensibilityGlobals) = postSolution
		SolutionGuid = {8FF1E73F-FE56-4ABB-85DC-BD82224281A6}
	EndGlobalSection
EndGlobal
